
Microsoft Visual Studio Solution File, Format Version 12.00
# Visual Studio 15
VisualStudioVersion = 15.0.27004.2005
MinimumVisualStudioVersion = 10.0.40219.1
Project("{FAE04EC0-301F-11D3-BF4B-00C04F79EFBC}") = "VkModule", "..\..\..\Saved Games\Desktop\VkModule\VkModule.csproj", "{FE9DEE9B-6438-4EF7-BD10-89DD0799DFD7}"
EndProject
Project("{FAE04EC0-301F-11D3-BF4B-00C04F79EFBC}") = "NeuralNetworkTeacher", "NeuralNetworkTeacher\NeuralNetworkTeacher.csproj", "{7BDC1EDB-197A-4382-B623-40E85F1C174A}"
EndProject
Project("{FAE04EC0-301F-11D3-BF4B-00C04F79EFBC}") = "VkModule", "VkModule\VkModule.csproj", "{FE9DEE9B-6438-4EF7-BD10-89DD0799DFD7}"
EndProject
Global
	GlobalSection(SolutionConfigurationPlatforms) = preSolution
		Debug|Any CPU = Debug|Any CPU
		Release|Any CPU = Release|Any CPU
	EndGlobalSection
	GlobalSection(ProjectConfigurationPlatforms) = postSolution
		{FE9DEE9B-6438-4EF7-BD10-89DD0799DFD7}.Debug|Any CPU.ActiveCfg = Debug|Any CPU
		{FE9DEE9B-6438-4EF7-BD10-89DD0799DFD7}.Debug|Any CPU.Build.0 = Debug|Any CPU
		{FE9DEE9B-6438-4EF7-BD10-89DD0799DFD7}.Release|Any CPU.ActiveCfg = Release|Any CPU
		{FE9DEE9B-6438-4EF7-BD10-89DD0799DFD7}.Release|Any CPU.Build.0 = Release|Any CPU
		{7BDC1EDB-197A-4382-B623-40E85F1C174A}.Debug|Any CPU.ActiveCfg = Debug|Any CPU
		{7BDC1EDB-197A-4382-B623-40E85F1C174A}.Debug|Any CPU.Build.0 = Debug|Any CPU
		{7BDC1EDB-197A-4382-B623-40E85F1C174A}.Release|Any CPU.ActiveCfg = Release|Any CPU
		{7BDC1EDB-197A-4382-B623-40E85F1C174A}.Release|Any CPU.Build.0 = Release|Any CPU
	EndGlobalSection
	GlobalSection(SolutionProperties) = preSolution
		HideSolutionNode = FALSE
	EndGlobalSection
	GlobalSection(ExtensibilityGlobals) = postSolution
		SolutionGuid = {EEE58036-C56D-402B-BB65-62F3690161EE}
	EndGlobalSection
EndGlobal
